
Microsoft Visual Studio Solution File, Format Version 12.00
# Visual Studio Version 17
VisualStudioVersion = 17.4.33103.184
MinimumVisualStudioVersion = 10.0.40219.1
Project("{FAE04EC0-301F-11D3-BF4B-00C04F79EFBC}") = "CustomerAPI", "CustomerAPI\CustomerAPI.csproj", "{69F89032-541C-4155-9043-2D967BBBF4FD}"
EndProject
Global
	GlobalSection(SolutionConfigurationPlatforms) = preSolution
		Debug|Any CPU = Debug|Any CPU
		Release|Any CPU = Release|Any CPU
	EndGlobalSection
	GlobalSection(ProjectConfigurationPlatforms) = postSolution
		{69F89032-541C-4155-9043-2D967BBBF4FD}.Debug|Any CPU.ActiveCfg = Debug|Any CPU
		{69F89032-541C-4155-9043-2D967BBBF4FD}.Debug|Any CPU.Build.0 = Debug|Any CPU
		{69F89032-541C-4155-9043-2D967BBBF4FD}.Release|Any CPU.ActiveCfg = Release|Any CPU
		{69F89032-541C-4155-9043-2D967BBBF4FD}.Release|Any CPU.Build.0 = Release|Any CPU
	EndGlobalSection
	GlobalSection(SolutionProperties) = preSolution
		HideSolutionNode = FALSE
	EndGlobalSection
	GlobalSection(ExtensibilityGlobals) = postSolution
		SolutionGuid = {1F475639-03DB-4FEE-A73A-498282FB8B05}
	EndGlobalSection
EndGlobal
